# THIS IS AN AUTOGENERATED FILE. DO NOT EDIT THIS FILE DIRECTLY.
# yarn lockfile v1


"@actions/core@^1.10.0":
  version "1.10.0"
  resolved "https://registry.yarnpkg.com/@actions/core/-/core-1.10.0.tgz#44551c3c71163949a2f06e94d9ca2157a0cfac4f"
  integrity sha512-2aZDDa3zrrZbP5ZYg159sNoLRb61nQ7awl5pSvIq5Qpj81vwDzdMRKzkWJGJuwVvWpvZKx7vspJALyvaaIQyug==
  dependencies:
    "@actions/http-client" "^2.0.1"
    uuid "^8.3.2"

"@actions/github@^5.1.1":
  version "5.1.1"
  resolved "https://registry.yarnpkg.com/@actions/github/-/github-5.1.1.tgz#40b9b9e1323a5efcf4ff7dadd33d8ea51651bbcb"
  integrity sha512-Nk59rMDoJaV+mHCOJPXuvB1zIbomlKS0dmSIqPGxd0enAXBnOfn4VWF+CGtRCwXZG9Epa54tZA7VIRlJDS8A6g==
  dependencies:
    "@actions/http-client" "^2.0.1"
    "@octokit/core" "^3.6.0"
    "@octokit/plugin-paginate-rest" "^2.17.0"
    "@octokit/plugin-rest-endpoint-methods" "^5.13.0"

"@actions/http-client@^2.0.1":
  version "2.1.0"
  resolved "https://registry.yarnpkg.com/@actions/http-client/-/http-client-2.1.0.tgz#b6d8c3934727d6a50d10d19f00a711a964599a9f"
  integrity sha512-BonhODnXr3amchh4qkmjPMUO8mFi/zLaaCeCAJZqch8iQqyDnVIkySjB38VHAC8IJ+bnlgfOqlhpyCUZHlQsqw==
  dependencies:
    tunnel "^0.0.6"

"@noble/curves@1.0.0":
  version "1.0.0"
  resolved "https://registry.yarnpkg.com/@noble/curves/-/curves-1.0.0.tgz#e40be8c7daf088aaf291887cbc73f43464a92932"
  integrity sha512-2upgEu0iLiDVDZkNLeFV2+ht0BAVgQnEmCk6JsOch9Rp8xfkMCbvbAZlA2pBHQc73dbl+vFOXfqkf4uemdn0bw==
  dependencies:
    "@noble/hashes" "1.3.0"

"@noble/hashes@1.3.0":
  version "1.3.0"
  resolved "https://registry.yarnpkg.com/@noble/hashes/-/hashes-1.3.0.tgz#085fd70f6d7d9d109671090ccae1d3bec62554a1"
  integrity sha512-ilHEACi9DwqJB0pw7kv+Apvh50jiiSyR/cQ3y4W7lOR5mhvn/50FLUfsnfJz0BDZtl/RR16kXvptiv6q1msYZg==

"@octokit/auth-token@^2.4.4":
  version "2.5.0"
  resolved "https://registry.yarnpkg.com/@octokit/auth-token/-/auth-token-2.5.0.tgz#27c37ea26c205f28443402477ffd261311f21e36"
  integrity sha512-r5FVUJCOLl19AxiuZD2VRZ/ORjp/4IN98Of6YJoJOkY75CIBuYfmiNHGrDwXr+aLGG55igl9QrxX3hbiXlLb+g==
  dependencies:
    "@octokit/types" "^6.0.3"

"@octokit/core@^3.6.0":
  version "3.6.0"
  resolved "https://registry.yarnpkg.com/@octokit/core/-/core-3.6.0.tgz#3376cb9f3008d9b3d110370d90e0a1fcd5fe6085"
  integrity sha512-7RKRKuA4xTjMhY+eG3jthb3hlZCsOwg3rztWh75Xc+ShDWOfDDATWbeZpAHBNRpm4Tv9WgBMOy1zEJYXG6NJ7Q==
  dependencies:
    "@octokit/auth-token" "^2.4.4"
    "@octokit/graphql" "^4.5.8"
    "@octokit/request" "^5.6.3"
    "@octokit/request-error" "^2.0.5"
    "@octokit/types" "^6.0.3"
    before-after-hook "^2.2.0"
    universal-user-agent "^6.0.0"

"@octokit/endpoint@^6.0.1":
  version "6.0.12"
  resolved "https://registry.yarnpkg.com/@octokit/endpoint/-/endpoint-6.0.12.tgz#3b4d47a4b0e79b1027fb8d75d4221928b2d05658"
  integrity sha512-lF3puPwkQWGfkMClXb4k/eUT/nZKQfxinRWJrdZaJO85Dqwo/G0yOC434Jr2ojwafWJMYqFGFa5ms4jJUgujdA==
  dependencies:
    "@octokit/types" "^6.0.3"
    is-plain-object "^5.0.0"
    universal-user-agent "^6.0.0"

"@octokit/graphql@^4.5.8":
  version "4.8.0"
  resolved "https://registry.yarnpkg.com/@octokit/graphql/-/graphql-4.8.0.tgz#664d9b11c0e12112cbf78e10f49a05959aa22cc3"
  integrity sha512-0gv+qLSBLKF0z8TKaSKTsS39scVKF9dbMxJpj3U0vC7wjNWFuIpL/z76Qe2fiuCbDRcJSavkXsVtMS6/dtQQsg==
  dependencies:
    "@octokit/request" "^5.6.0"
    "@octokit/types" "^6.0.3"
    universal-user-agent "^6.0.0"

"@octokit/openapi-types@^12.11.0":
  version "12.11.0"
  resolved "https://registry.yarnpkg.com/@octokit/openapi-types/-/openapi-types-12.11.0.tgz#da5638d64f2b919bca89ce6602d059f1b52d3ef0"
  integrity sha512-VsXyi8peyRq9PqIz/tpqiL2w3w80OgVMwBHltTml3LmVvXiphgeqmY9mvBw9Wu7e0QWk/fqD37ux8yP5uVekyQ==

"@octokit/plugin-paginate-rest@^2.17.0":
  version "2.21.3"
  resolved "https://registry.yarnpkg.com/@octokit/plugin-paginate-rest/-/plugin-paginate-rest-2.21.3.tgz#7f12532797775640dbb8224da577da7dc210c87e"
  integrity sha512-aCZTEf0y2h3OLbrgKkrfFdjRL6eSOo8komneVQJnYecAxIej7Bafor2xhuDJOIFau4pk0i/P28/XgtbyPF0ZHw==
  dependencies:
    "@octokit/types" "^6.40.0"

"@octokit/plugin-rest-endpoint-methods@^5.13.0":
  version "5.16.2"
  resolved "https://registry.yarnpkg.com/@octokit/plugin-rest-endpoint-methods/-/plugin-rest-endpoint-methods-5.16.2.tgz#7ee8bf586df97dd6868cf68f641354e908c25342"
  integrity sha512-8QFz29Fg5jDuTPXVtey05BLm7OB+M8fnvE64RNegzX7U+5NUXcOcnpTIK0YfSHBg8gYd0oxIq3IZTe9SfPZiRw==
  dependencies:
    "@octokit/types" "^6.39.0"
    deprecation "^2.3.1"

"@octokit/request-error@^2.0.5", "@octokit/request-error@^2.1.0":
  version "2.1.0"
  resolved "https://registry.yarnpkg.com/@octokit/request-error/-/request-error-2.1.0.tgz#9e150357831bfc788d13a4fd4b1913d60c74d677"
  integrity sha512-1VIvgXxs9WHSjicsRwq8PlR2LR2x6DwsJAaFgzdi0JfJoGSO8mYI/cHJQ+9FbN21aa+DrgNLnwObmyeSC8Rmpg==
  dependencies:
    "@octokit/types" "^6.0.3"
    deprecation "^2.0.0"
    once "^1.4.0"

"@octokit/request@^5.6.0", "@octokit/request@^5.6.3":
  version "5.6.3"
  resolved "https://registry.yarnpkg.com/@octokit/request/-/request-5.6.3.tgz#19a022515a5bba965ac06c9d1334514eb50c48b0"
  integrity sha512-bFJl0I1KVc9jYTe9tdGGpAMPy32dLBXXo1dS/YwSCTL/2nd9XeHsY616RE3HPXDVk+a+dBuzyz5YdlXwcDTr2A==
  dependencies:
    "@octokit/endpoint" "^6.0.1"
    "@octokit/request-error" "^2.1.0"
    "@octokit/types" "^6.16.1"
    is-plain-object "^5.0.0"
    node-fetch "^2.6.7"
    universal-user-agent "^6.0.0"

"@octokit/types@^6.0.3", "@octokit/types@^6.16.1", "@octokit/types@^6.39.0", "@octokit/types@^6.40.0":
  version "6.41.0"
  resolved "https://registry.yarnpkg.com/@octokit/types/-/types-6.41.0.tgz#e58ef78d78596d2fb7df9c6259802464b5f84a04"
  integrity sha512-eJ2jbzjdijiL3B4PrSQaSjuF2sPEQPVCPzBvTHJD9Nz+9dw2SGH4K4xeQJ77YfTq5bRQ+bD8wT11JbeDPmxmGg==
  dependencies:
    "@octokit/openapi-types" "^12.11.0"

"@polkadot/api-augment@10.4.1":
  version "10.4.1"
  resolved "https://registry.yarnpkg.com/@polkadot/api-augment/-/api-augment-10.4.1.tgz#aebee01550261c564e00255f94f46d22ad31dc1d"
  integrity sha512-7TUFHiOsaAKwRCDXEwwYHIBi07Nd0+4vMDgP+/eKVrX5XkYCnEA+PdkE8uEpFY3LMoVVr08mPiYPn59gN0b5jw==
  dependencies:
    "@polkadot/api-base" "10.4.1"
    "@polkadot/rpc-augment" "10.4.1"
    "@polkadot/types" "10.4.1"
    "@polkadot/types-augment" "10.4.1"
    "@polkadot/types-codec" "10.4.1"
    "@polkadot/util" "^12.0.1"
    tslib "^2.5.0"

"@polkadot/api-base@10.4.1":
  version "10.4.1"
  resolved "https://registry.yarnpkg.com/@polkadot/api-base/-/api-base-10.4.1.tgz#34b939f44c6d038e2c4d5012a2d415eb9456346d"
  integrity sha512-4uItv9NeZDu60qN8dhPN8Q7HBOYZ0Ylf7+/lAnEMldoCx0RxNP2h1T2JwdW3C5ElTsztYzYVLKg0Iz5zJpbffQ==
  dependencies:
    "@polkadot/rpc-core" "10.4.1"
    "@polkadot/types" "10.4.1"
    "@polkadot/util" "^12.0.1"
    rxjs "^7.8.0"
    tslib "^2.5.0"

"@polkadot/api-derive@10.4.1":
  version "10.4.1"
  resolved "https://registry.yarnpkg.com/@polkadot/api-derive/-/api-derive-10.4.1.tgz#98aa809bf7690c6d51ceb52eb09de3a16dda3af5"
  integrity sha512-SR/L4H8oiYMyLaLzmm9Z3kb4tNLAOAIR2uBZshCo917CqMuvrkNVW+Wfh2dAtVsnoSc1FaSPfDwmKash6pqNUQ==
  dependencies:
    "@polkadot/api" "10.4.1"
    "@polkadot/api-augment" "10.4.1"
    "@polkadot/api-base" "10.4.1"
    "@polkadot/rpc-core" "10.4.1"
    "@polkadot/types" "10.4.1"
    "@polkadot/types-codec" "10.4.1"
    "@polkadot/util" "^12.0.1"
    "@polkadot/util-crypto" "^12.0.1"
    rxjs "^7.8.0"
    tslib "^2.5.0"

"@polkadot/api@10.4.1", "@polkadot/api@^10.3.4":
  version "10.4.1"
  resolved "https://registry.yarnpkg.com/@polkadot/api/-/api-10.4.1.tgz#196cc98cf0ef557b45987171375b685cb8002527"
  integrity sha512-MFIhykqvU4l5oyLxEnMhtF07VWLXwBS02gVd9Q+Gh2RxXtskQnXlos00hZFdLaCQ7g8BNggoq0Woc2BGZQEG2A==
  dependencies:
    "@polkadot/api-augment" "10.4.1"
    "@polkadot/api-base" "10.4.1"
    "@polkadot/api-derive" "10.4.1"
    "@polkadot/keyring" "^12.0.1"
    "@polkadot/rpc-augment" "10.4.1"
    "@polkadot/rpc-core" "10.4.1"
    "@polkadot/rpc-provider" "10.4.1"
    "@polkadot/types" "10.4.1"
    "@polkadot/types-augment" "10.4.1"
    "@polkadot/types-codec" "10.4.1"
    "@polkadot/types-create" "10.4.1"
    "@polkadot/types-known" "10.4.1"
    "@polkadot/util" "^12.0.1"
    "@polkadot/util-crypto" "^12.0.1"
    eventemitter3 "^5.0.0"
    rxjs "^7.8.0"
    tslib "^2.5.0"

"@polkadot/keyring@^12.0.1":
  version "12.0.1"
  resolved "https://registry.yarnpkg.com/@polkadot/keyring/-/keyring-12.0.1.tgz#5c458380ee6e468bc4022f62d237f6eff27cf1bb"
  integrity sha512-dq/2FKXVzET9qBmba9xOQyOW8UjcMvS9H7ZZbcxFgP/rJ6amLByOYLXXDARp6ZXL3zrsQ6D6iRx82mnYWnxhjg==
  dependencies:
    "@polkadot/util" "12.0.1"
    "@polkadot/util-crypto" "12.0.1"
    tslib "^2.5.0"

"@polkadot/networks@12.0.1", "@polkadot/networks@^12.0.1":
  version "12.0.1"
  resolved "https://registry.yarnpkg.com/@polkadot/networks/-/networks-12.0.1.tgz#156d19d6498261c7634f875056eaffdacee4f33d"
  integrity sha512-VJkrLzIVr8B6iHm/yH7lmNwsu/ullNhiTWalxX8Ayxd+yfKwm3dL6IzggFp1uyjykOYlMvlI28keZP32OlMfdg==
  dependencies:
    "@polkadot/util" "12.0.1"
    "@substrate/ss58-registry" "^1.39.0"
    tslib "^2.5.0"

"@polkadot/rpc-augment@10.4.1":
  version "10.4.1"
  resolved "https://registry.yarnpkg.com/@polkadot/rpc-augment/-/rpc-augment-10.4.1.tgz#431e87e7ca87a35e4028b6efd4f3461b9750a91e"
  integrity sha512-lwwSjyboTTDzrfmBxFgBq4ZcD8mhMKkofmVqS/ntvuJePrCnBPGQG9d+tfntizIO5OpCqFGk0lgYBwae+oQ+vw==
  dependencies:
    "@polkadot/rpc-core" "10.4.1"
    "@polkadot/types" "10.4.1"
    "@polkadot/types-codec" "10.4.1"
    "@polkadot/util" "^12.0.1"
    tslib "^2.5.0"

"@polkadot/rpc-core@10.4.1":
  version "10.4.1"
  resolved "https://registry.yarnpkg.com/@polkadot/rpc-core/-/rpc-core-10.4.1.tgz#faa1bbde0f1b4799fd925d11d70f903a6b9bc50d"
  integrity sha512-jE3dBzfOFkiROMsiXpge/njvwPDCXF990VPFtlFqVWpr9ypXY7eZT1gduanN6YkXRjzcBVVPHaPfWLejie6hZA==
  dependencies:
    "@polkadot/rpc-augment" "10.4.1"
    "@polkadot/rpc-provider" "10.4.1"
    "@polkadot/types" "10.4.1"
    "@polkadot/util" "^12.0.1"
    rxjs "^7.8.0"
    tslib "^2.5.0"

"@polkadot/rpc-provider@10.4.1":
  version "10.4.1"
  resolved "https://registry.yarnpkg.com/@polkadot/rpc-provider/-/rpc-provider-10.4.1.tgz#2f7db2eb322d1dea3ca414bba0fa5b0372770391"
  integrity sha512-DwXs5dB1hp0P17I/Aqg+BnILQRMWlmMlABfSwwPprOh+16BBDw4P7bEuvaYw3gl/Zrxt4UhDcPl48jD+4j5OrQ==
  dependencies:
    "@polkadot/keyring" "^12.0.1"
    "@polkadot/types" "10.4.1"
    "@polkadot/types-support" "10.4.1"
    "@polkadot/util" "^12.0.1"
    "@polkadot/util-crypto" "^12.0.1"
    "@polkadot/x-fetch" "^12.0.1"
    "@polkadot/x-global" "^12.0.1"
    "@polkadot/x-ws" "^12.0.1"
    eventemitter3 "^5.0.0"
    mock-socket "^9.2.1"
    nock "^13.3.0"
    tslib "^2.5.0"
  optionalDependencies:
    "@substrate/connect" "0.7.24"

"@polkadot/types-augment@10.4.1":
  version "10.4.1"
  resolved "https://registry.yarnpkg.com/@polkadot/types-augment/-/types-augment-10.4.1.tgz#40d593f81917008ce12e5287df1f062e295ca02f"
  integrity sha512-4QWfxf6nA+sBf2X88S454N5Wpc4yTL+9uwdCP5PiqyDuCv96l+G0jQWurolywADJcKMKcnu8zHdQdv4rcgUyxQ==
  dependencies:
    "@polkadot/types" "10.4.1"
    "@polkadot/types-codec" "10.4.1"
    "@polkadot/util" "^12.0.1"
    tslib "^2.5.0"

"@polkadot/types-codec@10.4.1":
  version "10.4.1"
  resolved "https://registry.yarnpkg.com/@polkadot/types-codec/-/types-codec-10.4.1.tgz#a69665e4d75e66cf25582078b9c041ce7b2ad77d"
  integrity sha512-h6OCSF6i0b/Q4uCOEEiibMkGefhb7daaDGwoxjTEOeSqDE9gMIkhkyXVjqcOGbsHsFaYqYhuJakRQe/LICykTw==
  dependencies:
    "@polkadot/util" "^12.0.1"
    "@polkadot/x-bigint" "^12.0.1"
    tslib "^2.5.0"

"@polkadot/types-create@10.4.1":
  version "10.4.1"
  resolved "https://registry.yarnpkg.com/@polkadot/types-create/-/types-create-10.4.1.tgz#3ac58fea2d9928c4c0bb8fd9c2e34112e64a49b2"
  integrity sha512-E15P4ZQSAIq90Gnc+ZVK7XmEWRIF9qbCAQvJQ6nxikb6u5A9AzePAZ4XwxjJ3JXC5/t0Wxnij+pddtfxOkUi2w==
  dependencies:
    "@polkadot/types-codec" "10.4.1"
    "@polkadot/util" "^12.0.1"
    tslib "^2.5.0"

"@polkadot/types-known@10.4.1":
  version "10.4.1"
  resolved "https://registry.yarnpkg.com/@polkadot/types-known/-/types-known-10.4.1.tgz#72772c91ee9310ea42ea74ad40e1621424303307"
  integrity sha512-vgxsJeZTdbNJ55CCICRcSeOJD6Qy4D2NaMhR2j24xxHRY1lL8uBfCE/ReIEY2Bxa8cCIjCtw5fXJiCWPjnQQoQ==
  dependencies:
    "@polkadot/networks" "^12.0.1"
    "@polkadot/types" "10.4.1"
    "@polkadot/types-codec" "10.4.1"
    "@polkadot/types-create" "10.4.1"
    "@polkadot/util" "^12.0.1"
    tslib "^2.5.0"

"@polkadot/types-support@10.4.1":
  version "10.4.1"
  resolved "https://registry.yarnpkg.com/@polkadot/types-support/-/types-support-10.4.1.tgz#fe133356076a7e6044bc8f743c1eed614826b4e2"
  integrity sha512-kt/TGVAGaGD76eM/kye8qdYxQDZtpc6GS58xYvgnsk59KkCvaOzOE+hHFDXx0UDy4pPgXKquk1EHxwiFTKSb4g==
  dependencies:
    "@polkadot/util" "^12.0.1"
    tslib "^2.5.0"

"@polkadot/types@10.4.1":
  version "10.4.1"
  resolved "https://registry.yarnpkg.com/@polkadot/types/-/types-10.4.1.tgz#43fd99d9c7fa563799c65178507bca1a44070882"
  integrity sha512-w4spUa4CMLoPuIHOANR8X5F/Hfs4b4OnxsofA9SOl2aaQNRgu77Qu0y60rReu8HxBKD/FUBJJmRpZeY/2WQAAQ==
  dependencies:
    "@polkadot/keyring" "^12.0.1"
    "@polkadot/types-augment" "10.4.1"
    "@polkadot/types-codec" "10.4.1"
    "@polkadot/types-create" "10.4.1"
    "@polkadot/util" "^12.0.1"
    "@polkadot/util-crypto" "^12.0.1"
    rxjs "^7.8.0"
    tslib "^2.5.0"

"@polkadot/util-crypto@12.0.1", "@polkadot/util-crypto@^12.0.1":
  version "12.0.1"
  resolved "https://registry.yarnpkg.com/@polkadot/util-crypto/-/util-crypto-12.0.1.tgz#9a87fe73565e54faecea65bcd10cecbb8eae170b"
  integrity sha512-9zkxoAHUaGFcerMxKZu2rbBSB48YBx3dGzFMGnu/nTf3gL65a7r0wMy3R5iPhWF4AZ8RUjjcS/1a22mSB+PXTg==
  dependencies:
    "@noble/curves" "1.0.0"
    "@noble/hashes" "1.3.0"
    "@polkadot/networks" "12.0.1"
    "@polkadot/util" "12.0.1"
    "@polkadot/wasm-crypto" "^7.1.1"
    "@polkadot/wasm-util" "^7.1.1"
    "@polkadot/x-bigint" "12.0.1"
    "@polkadot/x-randomvalues" "12.0.1"
    "@scure/base" "1.1.1"
    tslib "^2.5.0"

"@polkadot/util@12.0.1", "@polkadot/util@^12.0.1":
  version "12.0.1"
  resolved "https://registry.yarnpkg.com/@polkadot/util/-/util-12.0.1.tgz#5670a52a6ca9e9f4c16d9910a36e80d00a1ae485"
  integrity sha512-yG4VcZ9wWvgCOg9+tUoTk6s4lphhsniuQVmQ/dRRKry983QlIj5eUgu1PfSRCKX+qUMR8IWI6oENZjmWdg0n6w==
  dependencies:
    "@polkadot/x-bigint" "12.0.1"
    "@polkadot/x-global" "12.0.1"
    "@polkadot/x-textdecoder" "12.0.1"
    "@polkadot/x-textencoder" "12.0.1"
    "@types/bn.js" "^5.1.1"
    bn.js "^5.2.1"
    tslib "^2.5.0"

"@polkadot/wasm-bridge@7.1.1":
  version "7.1.1"
  resolved "https://registry.yarnpkg.com/@polkadot/wasm-bridge/-/wasm-bridge-7.1.1.tgz#8d18ba0b8659237bff985ab8f2b07c1276ce670e"
  integrity sha512-2YKaqrGaN+e+OjKxs1sAS822Jil6GJE8xhNTs8an7BtgEKtfBjQ/j2ZIe41ijRs4O05iI+OkxHpLEHhIm+wq0A==
  dependencies:
    "@polkadot/wasm-util" "7.1.1"
    tslib "^2.5.0"

"@polkadot/wasm-crypto-asmjs@7.1.1":
  version "7.1.1"
  resolved "https://registry.yarnpkg.com/@polkadot/wasm-crypto-asmjs/-/wasm-crypto-asmjs-7.1.1.tgz#eb807317b9da0c9ec1b73bb973e0c663d4e10a1c"
  integrity sha512-LOKdussHjRx+bwT85iuL6huiKwWZ0x3XLvo0En2U16fT/g9mx74Nmp/YpIwkDRXJ0PUgHpuPYGNMH3x2vEVgBQ==
  dependencies:
    tslib "^2.5.0"

"@polkadot/wasm-crypto-init@7.1.1":
  version "7.1.1"
  resolved "https://registry.yarnpkg.com/@polkadot/wasm-crypto-init/-/wasm-crypto-init-7.1.1.tgz#8682b2d2fff8bab5e1fe5dc14617d4a63382dd36"
  integrity sha512-EgbnXCPNvqfXElhsipI1XqLdVnvk46MCr0cgNE9g1sQHfOh5N9Bsjv7J4bnbv5bIb7JlpXBc9MnTas70PasaCw==
  dependencies:
    "@polkadot/wasm-bridge" "7.1.1"
    "@polkadot/wasm-crypto-asmjs" "7.1.1"
    "@polkadot/wasm-crypto-wasm" "7.1.1"
    "@polkadot/wasm-util" "7.1.1"
    tslib "^2.5.0"

"@polkadot/wasm-crypto-wasm@7.1.1":
  version "7.1.1"
  resolved "https://registry.yarnpkg.com/@polkadot/wasm-crypto-wasm/-/wasm-crypto-wasm-7.1.1.tgz#16936161bf127d04e315101c843fb3330894a3e6"
  integrity sha512-mbo6CEt/11Wh2NDGDhVzQFpOZLE/+Hl8tUf8Y38ddRo20xAHvs09KK+cNTFRurY0P2Tq5LnF9+VzuC0bZPyRqQ==
  dependencies:
    "@polkadot/wasm-util" "7.1.1"
    tslib "^2.5.0"

"@polkadot/wasm-crypto@^7.1.1":
  version "7.1.1"
  resolved "https://registry.yarnpkg.com/@polkadot/wasm-crypto/-/wasm-crypto-7.1.1.tgz#e70405cde67b3ec661fd74ea3ff1abbbdc0283cc"
  integrity sha512-qaYScOVR7gUr41bP7O7OzOVJFfb9gh6KBk9xVy7gl5U9XYAqq0xqp88g528hEUa7IjFW3QVg7EeI8KsRmm0zpA==
  dependencies:
    "@polkadot/wasm-bridge" "7.1.1"
    "@polkadot/wasm-crypto-asmjs" "7.1.1"
    "@polkadot/wasm-crypto-init" "7.1.1"
    "@polkadot/wasm-crypto-wasm" "7.1.1"
    "@polkadot/wasm-util" "7.1.1"
    tslib "^2.5.0"

"@polkadot/wasm-util@7.1.1", "@polkadot/wasm-util@^7.1.1":
  version "7.1.1"
  resolved "https://registry.yarnpkg.com/@polkadot/wasm-util/-/wasm-util-7.1.1.tgz#f1c50eefef0d139394e51eb107ffb0411bac3d5d"
  integrity sha512-FOflVMo4sXTsXhXoY9rQKfPPCiTfE+dEsuGcm6Aecau0NL24Ze/guxX6vOSDN2E2I6kf60biQU016O2RKHqtwg==
  dependencies:
    tslib "^2.5.0"

"@polkadot/x-bigint@12.0.1", "@polkadot/x-bigint@^12.0.1":
  version "12.0.1"
  resolved "https://registry.yarnpkg.com/@polkadot/x-bigint/-/x-bigint-12.0.1.tgz#4137741f05ce90b794f1becff38473ef49839b60"
  integrity sha512-i93iVkK/PHsh1XDtYqdvUhuom6W80dYPCEA0WcZl0yuxuZGWk3Az+mXRL/mZkK/uDp8RGC0wYQiUm0kkheeoqg==
  dependencies:
    "@polkadot/x-global" "12.0.1"
    tslib "^2.5.0"

"@polkadot/x-fetch@^12.0.1":
  version "12.0.1"
  resolved "https://registry.yarnpkg.com/@polkadot/x-fetch/-/x-fetch-12.0.1.tgz#cc7a7251605653904f630a305fc2960707737a82"
  integrity sha512-JCCN1Q2mEenBXymLGC3f7F+L7Arp+36jPB7iGs6AZVmFBW8tX3uozVpETt4O4GMC56qZX5RHCPaemY4PVXcnlg==
  dependencies:
    "@polkadot/x-global" "12.0.1"
    node-fetch "^3.3.1"
    tslib "^2.5.0"

"@polkadot/x-global@12.0.1", "@polkadot/x-global@^12.0.1":
  version "12.0.1"
  resolved "https://registry.yarnpkg.com/@polkadot/x-global/-/x-global-12.0.1.tgz#80c22cbe37583d7fbf0376c3489eaccb391c42b1"
  integrity sha512-kj/mMv7UPKIq5SnnnzICVOjhhYgUZzE8bT/az1D7z6OXV3SEH+4dmRsDEavwYinGMO7fi5fCvDayRu8r7ne2ZA==
  dependencies:
    tslib "^2.5.0"

"@polkadot/x-randomvalues@12.0.1":
  version "12.0.1"
  resolved "https://registry.yarnpkg.com/@polkadot/x-randomvalues/-/x-randomvalues-12.0.1.tgz#f55fbdff442f022157481b3f7e6b36c2ae15876f"
  integrity sha512-5ZMRbVJNhlKpwYgfcjVynH0jRwiXXn1k2I/xCjr+F6MwBTcIsbNXtgMczJB2PBAJpJvBV9GVpJoZW4Gq6nXdEg==
  dependencies:
    "@polkadot/x-global" "12.0.1"
    tslib "^2.5.0"

"@polkadot/x-textdecoder@12.0.1":
  version "12.0.1"
  resolved "https://registry.yarnpkg.com/@polkadot/x-textdecoder/-/x-textdecoder-12.0.1.tgz#dd27e52051838b3b0b21e9663cf5a086e8edf02e"
  integrity sha512-CJkJid9UVpJB5TmT4GdnMdm9SsINg5zElTcVMV4F/rS7+SnkIE9X/M91DgvGzq+d+qvU84UNjOgs/ZN3aOKbuA==
  dependencies:
    "@polkadot/x-global" "12.0.1"
    tslib "^2.5.0"

"@polkadot/x-textencoder@12.0.1":
  version "12.0.1"
  resolved "https://registry.yarnpkg.com/@polkadot/x-textencoder/-/x-textencoder-12.0.1.tgz#67db28dc935dbefaa737aff0b5d9a9e9dba59f0f"
  integrity sha512-nmS2tN36P4sc4WYiR9HHkgCBZcXksZF3dBsGTppWF6/ssgRmc2TZYoHBMUmdSq0OHg11kCKys94HXrWjPA/GCg==
  dependencies:
    "@polkadot/x-global" "12.0.1"
    tslib "^2.5.0"

"@polkadot/x-ws@^12.0.1":
  version "12.0.1"
  resolved "https://registry.yarnpkg.com/@polkadot/x-ws/-/x-ws-12.0.1.tgz#be88537adafbcd5a68882c0ada12caafb6eb584d"
  integrity sha512-hRFNlgBRz549hXJNKykEG4kKgEGHxLRHLyS/+qAOdBefiXWoB7it9D6JgcFqoJpOHyHw3Y8b/kSxwmx+Ub1rTA==
  dependencies:
    "@polkadot/x-global" "12.0.1"
    tslib "^2.5.0"
    ws "^8.13.0"

"@scure/base@1.1.1":
  version "1.1.1"
  resolved "https://registry.yarnpkg.com/@scure/base/-/base-1.1.1.tgz#ebb651ee52ff84f420097055f4bf46cfba403938"
  integrity sha512-ZxOhsSyxYwLJj3pLZCefNitxsj093tb2vq90mp2txoYeBqbcjDjqFhyM8eUjq/uFm6zJ+mUuqxlS2FkuSY1MTA==

"@substrate/connect-extension-protocol@^1.0.1":
  version "1.0.1"
  resolved "https://registry.yarnpkg.com/@substrate/connect-extension-protocol/-/connect-extension-protocol-1.0.1.tgz#fa5738039586c648013caa6a0c95c43265dbe77d"
  integrity sha512-161JhCC1csjH3GE5mPLEd7HbWtwNSPJBg3p1Ksz9SFlTzj/bgEwudiRN2y5i0MoLGCIJRYKyKGMxVnd29PzNjg==

"@substrate/connect@0.7.24":
  version "0.7.24"
  resolved "https://registry.yarnpkg.com/@substrate/connect/-/connect-0.7.24.tgz#5a3cfe293e9eab4b17fe64975928a4a6fae2470a"
  integrity sha512-vF82taiM0yME+ibiJgEv0xn/NZd9TQ4atXk1AQCe2z82SEKzw0Lwx9ZLFEOvlgnh+Nc2EtQi7y4cXJ+48rOqxw==
  dependencies:
    "@substrate/connect-extension-protocol" "^1.0.1"
    eventemitter3 "^4.0.7"
    smoldot "1.0.2"

"@substrate/ss58-registry@^1.39.0":
  version "1.39.0"
  resolved "https://registry.yarnpkg.com/@substrate/ss58-registry/-/ss58-registry-1.39.0.tgz#eb916ff5fea7fa02e77745823fde21af979273d2"
  integrity sha512-qZYpuE6n+mwew+X71dOur/CbMXj6rNW27o63JeJwdQH/GvcSKm3JLNhd+bGzwUKg0D/zD30Qc6p4JykArzM+tA==

"@types/bn.js@^5.1.1":
  version "5.1.1"
  resolved "https://registry.yarnpkg.com/@types/bn.js/-/bn.js-5.1.1.tgz#b51e1b55920a4ca26e9285ff79936bbdec910682"
  integrity sha512-qNrYbZqMx0uJAfKnKclPh+dTwK33KfLHYqtyODwd5HnXOjnkhc4qgn3BrK6RWyGZm5+sIFE7Q7Vz6QQtJB7w7g==
  dependencies:
    "@types/node" "*"

"@types/node@*":
  version "18.15.13"
  resolved "https://registry.yarnpkg.com/@types/node/-/node-18.15.13.tgz#f64277c341150c979e42b00e4ac289290c9df469"
  integrity sha512-N+0kuo9KgrUQ1Sn/ifDXsvg0TTleP7rIy4zOBGECxAljqvqfqpTfzx0Q1NUedOixRMBfe2Whhb056a42cWs26Q==

before-after-hook@^2.2.0:
  version "2.2.3"
  resolved "https://registry.yarnpkg.com/before-after-hook/-/before-after-hook-2.2.3.tgz#c51e809c81a4e354084422b9b26bad88249c517c"
  integrity sha512-NzUnlZexiaH/46WDhANlyR2bXRopNg4F/zuSA3OpZnllCUgRaOF2znDioDWrmbNVsuZk6l9pMquQB38cfBZwkQ==

bn.js@^5.2.1:
  version "5.2.1"
  resolved "https://registry.yarnpkg.com/bn.js/-/bn.js-5.2.1.tgz#0bc527a6a0d18d0aa8d5b0538ce4a77dccfa7b70"
  integrity sha512-eXRvHzWyYPBuB4NBy0cmYQjGitUrtqwbvlzP3G6VFnNRbsZQIxQ10PbKKHt8gZ/HW/D/747aDl+QkDqg3KQLMQ==

data-uri-to-buffer@^4.0.0:
  version "4.0.1"
  resolved "https://registry.yarnpkg.com/data-uri-to-buffer/-/data-uri-to-buffer-4.0.1.tgz#d8feb2b2881e6a4f58c2e08acfd0e2834e26222e"
  integrity sha512-0R9ikRb668HB7QDxT1vkpuUBtqc53YyAwMwGeUFKRojY/NWKvdZ+9UYtRfGmhqNbRkTSVpMbmyhXipFFv2cb/A==

debug@^4.1.0:
  version "4.3.4"
  resolved "https://registry.yarnpkg.com/debug/-/debug-4.3.4.tgz#1319f6579357f2338d3337d2cdd4914bb5dcc865"
  integrity sha512-PRWFHuSU3eDtQJPvnNY7Jcket1j0t5OuOsFzPPzsekD52Zl8qUfFIPEiswXqIvHWGVHOgX+7G/vCNNhehwxfkQ==
  dependencies:
    ms "2.1.2"

deprecation@^2.0.0, deprecation@^2.3.1:
  version "2.3.1"
  resolved "https://registry.yarnpkg.com/deprecation/-/deprecation-2.3.1.tgz#6368cbdb40abf3373b525ac87e4a260c3a700919"
  integrity sha512-xmHIy4F3scKVwMsQ4WnVaS8bHOx0DmVwRywosKhaILI0ywMDWPtBSku2HNxRvF7jtwDRsoEwYQSfbxj8b7RlJQ==

eventemitter3@^4.0.7:
  version "4.0.7"
  resolved "https://registry.yarnpkg.com/eventemitter3/-/eventemitter3-4.0.7.tgz#2de9b68f6528d5644ef5c59526a1b4a07306169f"
  integrity sha512-8guHBZCwKnFhYdHr2ysuRWErTwhoN2X8XELRlrRwpmfeY2jjuUN4taQMsULKUVo1K4DvZl+0pgfyoysHxvmvEw==

eventemitter3@^5.0.0:
  version "5.0.0"
  resolved "https://registry.yarnpkg.com/eventemitter3/-/eventemitter3-5.0.0.tgz#084eb7f5b5388df1451e63f4c2aafd71b217ccb3"
  integrity sha512-riuVbElZZNXLeLEoprfNYoDSwTBRR44X3mnhdI1YcnENpWTCsTTVZ2zFuqQcpoyqPQIUXdiPEU0ECAq0KQRaHg==

fetch-blob@^3.1.2, fetch-blob@^3.1.4:
  version "3.2.0"
  resolved "https://registry.yarnpkg.com/fetch-blob/-/fetch-blob-3.2.0.tgz#f09b8d4bbd45adc6f0c20b7e787e793e309dcce9"
  integrity sha512-7yAQpD2UMJzLi1Dqv7qFYnPbaPx7ZfFK6PiIxQ4PfkGPyNyl2Ugx+a/umUonmKqjhM4DnfbMvdX6otXq83soQQ==
  dependencies:
    node-domexception "^1.0.0"
    web-streams-polyfill "^3.0.3"

formdata-polyfill@^4.0.10:
  version "4.0.10"
  resolved "https://registry.yarnpkg.com/formdata-polyfill/-/formdata-polyfill-4.0.10.tgz#24807c31c9d402e002ab3d8c720144ceb8848423"
  integrity sha512-buewHzMvYL29jdeQTVILecSaZKnt/RJWjoZCF5OW60Z67/GmSLBkOFM7qh1PI3zFNtJbaZL5eQu1vLfazOwj4g==
  dependencies:
    fetch-blob "^3.1.2"

is-plain-object@^5.0.0:
  version "5.0.0"
  resolved "https://registry.yarnpkg.com/is-plain-object/-/is-plain-object-5.0.0.tgz#4427f50ab3429e9025ea7d52e9043a9ef4159344"
  integrity sha512-VRSzKkbMm5jMDoKLbltAkFQ5Qr7VDiTFGXxYFXXowVj387GeGNOCsOH6Msy00SGZ3Fp84b1Naa1psqgcCIEP5Q==

json-stringify-safe@^5.0.1:
  version "5.0.1"
  resolved "https://registry.yarnpkg.com/json-stringify-safe/-/json-stringify-safe-5.0.1.tgz#1296a2d58fd45f19a0f6ce01d65701e2c735b6eb"
  integrity sha512-ZClg6AaYvamvYEE82d3Iyd3vSSIjQ+odgjaTzRuO3s7toCdFKczob2i0zCh7JE8kWn17yvAWhUVxvqGwUalsRA==

lodash@^4.17.21:
  version "4.17.21"
  resolved "https://registry.yarnpkg.com/lodash/-/lodash-4.17.21.tgz#679591c564c3bffaae8454cf0b3df370c3d6911c"
  integrity sha512-v2kDEe57lecTulaDIuNTPy3Ry4gLGJ6Z1O3vE1krgXZNrsQ+LFTGHVxVjcXPs17LhbZVGedAJv8XZ1tvj5FvSg==

mock-socket@^9.2.1:
  version "9.2.1"
  resolved "https://registry.yarnpkg.com/mock-socket/-/mock-socket-9.2.1.tgz#cc9c0810aa4d0afe02d721dcb2b7e657c00e2282"
  integrity sha512-aw9F9T9G2zpGipLLhSNh6ZpgUyUl4frcVmRN08uE1NWPWg43Wx6+sGPDbQ7E5iFZZDJW5b5bypMeAEHqTbIFag==

ms@2.1.2:
  version "2.1.2"
  resolved "https://registry.yarnpkg.com/ms/-/ms-2.1.2.tgz#d09d1f357b443f493382a8eb3ccd183872ae6009"
  integrity sha512-sGkPx+VjMtmA6MX27oA4FBFELFCZZ4S4XqeGOXCv68tT+jb3vk/RyaKWP0PTKyWtmLSM0b+adUTEvbs1PEaH2w==

nock@^13.3.0:
  version "13.3.0"
  resolved "https://registry.yarnpkg.com/nock/-/nock-13.3.0.tgz#b13069c1a03f1ad63120f994b04bfd2556925768"
  integrity sha512-HHqYQ6mBeiMc+N038w8LkMpDCRquCHWeNmN3v6645P3NhN2+qXOBqvPqo7Rt1VyCMzKhJ733wZqw5B7cQVFNPg==
  dependencies:
    debug "^4.1.0"
    json-stringify-safe "^5.0.1"
    lodash "^4.17.21"
    propagate "^2.0.0"

node-domexception@^1.0.0:
  version "1.0.0"
  resolved "https://registry.yarnpkg.com/node-domexception/-/node-domexception-1.0.0.tgz#6888db46a1f71c0b76b3f7555016b63fe64766e5"
  integrity sha512-/jKZoMpw0F8GRwl4/eLROPA3cfcXtLApP0QzLmUT/HuPCZWyB7IY9ZrMeKw2O/nFIqPQB3PVM9aYm0F312AXDQ==

node-fetch@^2.6.7, node-fetch@v2:
  version "2.6.9"
  resolved "https://registry.yarnpkg.com/node-fetch/-/node-fetch-2.6.9.tgz#7c7f744b5cc6eb5fd404e0c7a9fec630a55657e6"
  integrity sha512-DJm/CJkZkRjKKj4Zi4BsKVZh3ValV5IR5s7LVZnW+6YMh0W1BfNA8XSs6DLMGYlId5F3KnA70uu2qepcR08Qqg==
  dependencies:
    whatwg-url "^5.0.0"

node-fetch@^3.3.1:
  version "3.3.1"
  resolved "https://registry.yarnpkg.com/node-fetch/-/node-fetch-3.3.1.tgz#b3eea7b54b3a48020e46f4f88b9c5a7430d20b2e"
  integrity sha512-cRVc/kyto/7E5shrWca1Wsea4y6tL9iYJE5FBCius3JQfb/4P4I295PfhgbJQBLTx6lATE4z+wK0rPM4VS2uow==
  dependencies:
    data-uri-to-buffer "^4.0.0"
    fetch-blob "^3.1.4"
    formdata-polyfill "^4.0.10"

once@^1.4.0:
  version "1.4.0"
  resolved "https://registry.yarnpkg.com/once/-/once-1.4.0.tgz#583b1aa775961d4b113ac17d9c50baef9dd76bd1"
  integrity sha512-lNaJgI+2Q5URQBkccEKHTQOPaXdUxnZZElQTZY0MFUAuaEqe1E+Nyvgdz/aIyNi6Z9MzO5dv1H8n58/GELp3+w==
  dependencies:
    wrappy "1"

pako@^2.0.4:
  version "2.1.0"
  resolved "https://registry.yarnpkg.com/pako/-/pako-2.1.0.tgz#266cc37f98c7d883545d11335c00fbd4062c9a86"
  integrity sha512-w+eufiZ1WuJYgPXbV/PO3NCMEc3xqylkKHzp8bxp1uW4qaSNQUkwmLLEc3kKsfz8lpV1F8Ht3U1Cm+9Srog2ug==

propagate@^2.0.0:
  version "2.0.1"
  resolved "https://registry.yarnpkg.com/propagate/-/propagate-2.0.1.tgz#40cdedab18085c792334e64f0ac17256d38f9a45"
  integrity sha512-vGrhOavPSTz4QVNuBNdcNXePNdNMaO1xj9yBeH1ScQPjk/rhg9sSlCXPhMkFuaNNW/syTvYqsnbIJxMBfRbbag==

rxjs@^7.8.0:
  version "7.8.0"
  resolved "https://registry.yarnpkg.com/rxjs/-/rxjs-7.8.0.tgz#90a938862a82888ff4c7359811a595e14e1e09a4"
  integrity sha512-F2+gxDshqmIub1KdvZkaEfGDwLNpPvk9Fs6LD/MyQxNgMds/WH9OdDDXOmxUZpME+iSK3rQCctkL0DYyytUqMg==
  dependencies:
    tslib "^2.1.0"

smoldot@1.0.2:
  version "1.0.2"
  resolved "https://registry.yarnpkg.com/smoldot/-/smoldot-1.0.2.tgz#dd2e7e0db2de4a34d1c90ca888ba8ace9239cee8"
  integrity sha512-IHhMzvXwyl6I5GA4JvfzM2OOp9wBO06AmjqT4nCoNms5PiLe74f/A+jIZIJKyY6eBhMpmECizyfeTneHO2wMFQ==
  dependencies:
    pako "^2.0.4"
    ws "^8.8.1"

tr46@~0.0.3:
  version "0.0.3"
  resolved "https://registry.yarnpkg.com/tr46/-/tr46-0.0.3.tgz#8184fd347dac9cdc185992f3a6622e14b9d9ab6a"
  integrity sha512-N3WMsuqV66lT30CrXNbEjx4GEwlow3v6rr4mCcv6prnfwhS01rkgyFdjPNBYd9br7LpXV1+Emh01fHnq2Gdgrw==

tslib@^2.1.0, tslib@^2.5.0:
  version "2.5.0"
  resolved "https://registry.yarnpkg.com/tslib/-/tslib-2.5.0.tgz#42bfed86f5787aeb41d031866c8f402429e0fddf"
  integrity sha512-336iVw3rtn2BUK7ORdIAHTyxHGRIHVReokCR3XjbckJMK7ms8FysBfhLR8IXnAgy7T0PTPNBWKiH514FOW/WSg==

tunnel@^0.0.6:
  version "0.0.6"
  resolved "https://registry.yarnpkg.com/tunnel/-/tunnel-0.0.6.tgz#72f1314b34a5b192db012324df2cc587ca47f92c"
  integrity sha512-1h/Lnq9yajKY2PEbBadPXj3VxsDDu844OnaAo52UVmIzIvwwtBPIuNvkjuzBlTWpfJyUbG3ez0KSBibQkj4ojg==

typescript@^5.0.4:
  version "5.0.4"
  resolved "https://registry.yarnpkg.com/typescript/-/typescript-5.0.4.tgz#b217fd20119bd61a94d4011274e0ab369058da3b"
  integrity sha512-cW9T5W9xY37cc+jfEnaUvX91foxtHkza3Nw3wkoF4sSlKn0MONdkdEndig/qPBWXNkmplh3NzayQzCiHM4/hqw==

universal-user-agent@^6.0.0:
  version "6.0.0"
  resolved "https://registry.yarnpkg.com/universal-user-agent/-/universal-user-agent-6.0.0.tgz#3381f8503b251c0d9cd21bc1de939ec9df5480ee"
  integrity sha512-isyNax3wXoKaulPDZWHQqbmIx1k2tb9fb3GGDBRxCscfYV2Ch7WxPArBsFEG8s/safwXTT7H4QGhaIkTp9447w==

uuid@^8.3.2:
  version "8.3.2"
  resolved "https://registry.yarnpkg.com/uuid/-/uuid-8.3.2.tgz#80d5b5ced271bb9af6c445f21a1a04c606cefbe2"
  integrity sha512-+NYs2QeMWy+GWFOEm9xnn6HCDp0l7QBD7ml8zLUmJ+93Q5NF0NocErnwkTkXVFNiX3/fpC6afS8Dhb/gz7R7eg==

web-streams-polyfill@^3.0.3:
  version "3.2.1"
  resolved "https://registry.yarnpkg.com/web-streams-polyfill/-/web-streams-polyfill-3.2.1.tgz#71c2718c52b45fd49dbeee88634b3a60ceab42a6"
  integrity sha512-e0MO3wdXWKrLbL0DgGnUV7WHVuw9OUvL4hjgnPkIeEvESk74gAITi5G606JtZPp39cd8HA9VQzCIvA49LpPN5Q==

webidl-conversions@^3.0.0:
  version "3.0.1"
  resolved "https://registry.yarnpkg.com/webidl-conversions/-/webidl-conversions-3.0.1.tgz#24534275e2a7bc6be7bc86611cc16ae0a5654871"
  integrity sha512-2JAn3z8AR6rjK8Sm8orRC0h/bcl/DqL7tRPdGZ4I1CjdF+EaMLmYxBHyXuKL849eucPFhvBoxMsflfOb8kxaeQ==

whatwg-url@^5.0.0:
  version "5.0.0"
  resolved "https://registry.yarnpkg.com/whatwg-url/-/whatwg-url-5.0.0.tgz#966454e8765462e37644d3626f6742ce8b70965d"
  integrity sha512-saE57nupxk6v3HY35+jzBwYa0rKSy0XR8JSxZPwgLr7ys0IBzhGviA1/TUGJLmSVqs8pb9AnvICXEuOHLprYTw==
  dependencies:
    tr46 "~0.0.3"
    webidl-conversions "^3.0.0"

wrappy@1:
  version "1.0.2"
  resolved "https://registry.yarnpkg.com/wrappy/-/wrappy-1.0.2.tgz#b5243d8f3ec1aa35f1364605bc0d1036e30ab69f"
  integrity sha512-l4Sp/DRseor9wL6EvV2+TuQn63dMkPjZ/sp9XkghTEbV9KlPS1xUsZ3u7/IQO4wxtcFB4bgpQPRcR3QCvezPcQ==

ws@^8.13.0, ws@^8.8.1:
  version "8.13.0"
  resolved "https://registry.yarnpkg.com/ws/-/ws-8.13.0.tgz#9a9fb92f93cf41512a0735c8f4dd09b8a1211cd0"
  integrity sha512-x9vcZYTrFPC7aSIbj7sRCYo7L/Xb8Iy+pW0ng0wt2vCJv7M9HOMy0UoN3rr+IFC7hb7vXoqS+P9ktyLLLhO+LA==
